
Microsoft Visual Studio Solution File, Format Version 12.00
# Visual Studio Version 17
VisualStudioVersion = 17.5.002.0
MinimumVisualStudioVersion = 10.0.40219.1
Project("{9A19103F-16F7-4668-BE54-9A1E7A4F7556}") = "tl1-proyectofinal2024-eduardoTrigo", "tl1-proyectofinal2024-eduardoTrigo.csproj", "{885630AF-9EE9-4572-8F90-62278B678D69}"
EndProject
Global
	GlobalSection(SolutionConfigurationPlatforms) = preSolution
		Debug|Any CPU = Debug|Any CPU
		Release|Any CPU = Release|Any CPU
	EndGlobalSection
	GlobalSection(ProjectConfigurationPlatforms) = postSolution
		{885630AF-9EE9-4572-8F90-62278B678D69}.Debug|Any CPU.ActiveCfg = Debug|Any CPU
		{885630AF-9EE9-4572-8F90-62278B678D69}.Debug|Any CPU.Build.0 = Debug|Any CPU
		{885630AF-9EE9-4572-8F90-62278B678D69}.Release|Any CPU.ActiveCfg = Release|Any CPU
		{885630AF-9EE9-4572-8F90-62278B678D69}.Release|Any CPU.Build.0 = Release|Any CPU
	EndGlobalSection
	GlobalSection(SolutionProperties) = preSolution
		HideSolutionNode = FALSE
	EndGlobalSection
	GlobalSection(ExtensibilityGlobals) = postSolution
		SolutionGuid = {936EB9C9-34D0-4F99-AC11-10097BB0E2FD}
	EndGlobalSection
EndGlobal
